
Microsoft Visual Studio Solution File, Format Version 12.00
# Visual Studio Version 17
VisualStudioVersion = 17.12.35521.163 d17.12
MinimumVisualStudioVersion = 10.0.40219.1
Project("{FAE04EC0-301F-11D3-BF4B-00C04F79EFBC}") = "Presentacion", "Presentacion\Presentacion.csproj", "{A25F7125-4E29-4FCD-9C22-2D15DBAE3C93}"
EndProject
Project("{FAE04EC0-301F-11D3-BF4B-00C04F79EFBC}") = "LogicaNegocio", "LogicaNegocio\LogicaNegocio.csproj", "{32CEDA2B-BCEB-4D7F-8F14-33CA5CDE38A6}"
EndProject
Project("{FAE04EC0-301F-11D3-BF4B-00C04F79EFBC}") = "Modelo", "Modelo\Modelo.csproj", "{B277786C-B0F1-43B8-B6EA-82ECF34758EE}"
EndProject
Project("{FAE04EC0-301F-11D3-BF4B-00C04F79EFBC}") = "Datos", "Datos\Datos.csproj", "{59617FB1-31FD-437E-BEA1-863187968786}"
EndProject
Global
	GlobalSection(SolutionConfigurationPlatforms) = preSolution
		Debug|Any CPU = Debug|Any CPU
		Release|Any CPU = Release|Any CPU
	EndGlobalSection
	GlobalSection(ProjectConfigurationPlatforms) = postSolution
		{A25F7125-4E29-4FCD-9C22-2D15DBAE3C93}.Debug|Any CPU.ActiveCfg = Debug|Any CPU
		{A25F7125-4E29-4FCD-9C22-2D15DBAE3C93}.Debug|Any CPU.Build.0 = Debug|Any CPU
		{A25F7125-4E29-4FCD-9C22-2D15DBAE3C93}.Release|Any CPU.ActiveCfg = Release|Any CPU
		{A25F7125-4E29-4FCD-9C22-2D15DBAE3C93}.Release|Any CPU.Build.0 = Release|Any CPU
		{32CEDA2B-BCEB-4D7F-8F14-33CA5CDE38A6}.Debug|Any CPU.ActiveCfg = Debug|Any CPU
		{32CEDA2B-BCEB-4D7F-8F14-33CA5CDE38A6}.Debug|Any CPU.Build.0 = Debug|Any CPU
		{32CEDA2B-BCEB-4D7F-8F14-33CA5CDE38A6}.Release|Any CPU.ActiveCfg = Release|Any CPU
		{32CEDA2B-BCEB-4D7F-8F14-33CA5CDE38A6}.Release|Any CPU.Build.0 = Release|Any CPU
		{B277786C-B0F1-43B8-B6EA-82ECF34758EE}.Debug|Any CPU.ActiveCfg = Debug|Any CPU
		{B277786C-B0F1-43B8-B6EA-82ECF34758EE}.Debug|Any CPU.Build.0 = Debug|Any CPU
		{B277786C-B0F1-43B8-B6EA-82ECF34758EE}.Release|Any CPU.ActiveCfg = Release|Any CPU
		{B277786C-B0F1-43B8-B6EA-82ECF34758EE}.Release|Any CPU.Build.0 = Release|Any CPU
		{59617FB1-31FD-437E-BEA1-863187968786}.Debug|Any CPU.ActiveCfg = Debug|Any CPU
		{59617FB1-31FD-437E-BEA1-863187968786}.Debug|Any CPU.Build.0 = Debug|Any CPU
		{59617FB1-31FD-437E-BEA1-863187968786}.Release|Any CPU.ActiveCfg = Release|Any CPU
		{59617FB1-31FD-437E-BEA1-863187968786}.Release|Any CPU.Build.0 = Release|Any CPU
	EndGlobalSection
	GlobalSection(SolutionProperties) = preSolution
		HideSolutionNode = FALSE
	EndGlobalSection
EndGlobal
